
Microsoft Visual Studio Solution File, Format Version 12.00
# Visual Studio Version 16
VisualStudioVersion = 16.0.30011.22
MinimumVisualStudioVersion = 10.0.40219.1
Project("{FAE04EC0-301F-11D3-BF4B-00C04F79EFBC}") = "receive mail", "receive mail\receive mail.csproj", "{44B02DA5-789D-45CE-B466-4EBFF0BE7027}"
EndProject
Global
	GlobalSection(SolutionConfigurationPlatforms) = preSolution
		Debug|Any CPU = Debug|Any CPU
		Release|Any CPU = Release|Any CPU
	EndGlobalSection
	GlobalSection(ProjectConfigurationPlatforms) = postSolution
		{44B02DA5-789D-45CE-B466-4EBFF0BE7027}.Debug|Any CPU.ActiveCfg = Debug|Any CPU
		{44B02DA5-789D-45CE-B466-4EBFF0BE7027}.Debug|Any CPU.Build.0 = Debug|Any CPU
		{44B02DA5-789D-45CE-B466-4EBFF0BE7027}.Release|Any CPU.ActiveCfg = Release|Any CPU
		{44B02DA5-789D-45CE-B466-4EBFF0BE7027}.Release|Any CPU.Build.0 = Release|Any CPU
	EndGlobalSection
	GlobalSection(SolutionProperties) = preSolution
		HideSolutionNode = FALSE
	EndGlobalSection
	GlobalSection(ExtensibilityGlobals) = postSolution
		SolutionGuid = {660A5B57-FED7-412E-B2CE-44F33A1B38E4}
	EndGlobalSection
EndGlobal
